
Microsoft Visual Studio Solution File, Format Version 12.00
# Visual Studio 2012
Project("{FAE04EC0-301F-11D3-BF4B-00C04F79EFBC}") = "SolarPV", "SolarPV\SolarPV.csproj", "{51C97E8A-621E-4022-9A68-DF913E4AD9EE}"
EndProject
Project("{6141683F-8A12-4E36-9623-2EB02B2C2303}") = "SolarPVInstaller", "SolarPVInstaller\SolarPVInstaller.isproj", "{FB16BBDF-C716-46D9-92DC-ACBC397EFAA2}"
	ProjectSection(ProjectDependencies) = postProject
		{51C97E8A-621E-4022-9A68-DF913E4AD9EE} = {51C97E8A-621E-4022-9A68-DF913E4AD9EE}
	EndProjectSection
EndProject
Global
	GlobalSection(SolutionConfigurationPlatforms) = preSolution
		CD_ROM|Any CPU = CD_ROM|Any CPU
		Debug|Any CPU = Debug|Any CPU
		DVD-5|Any CPU = DVD-5|Any CPU
		Release|Any CPU = Release|Any CPU
		SingleImage|Any CPU = SingleImage|Any CPU
	EndGlobalSection
	GlobalSection(ProjectConfigurationPlatforms) = postSolution
		{51C97E8A-621E-4022-9A68-DF913E4AD9EE}.CD_ROM|Any CPU.ActiveCfg = Release|Any CPU
		{51C97E8A-621E-4022-9A68-DF913E4AD9EE}.CD_ROM|Any CPU.Build.0 = Release|Any CPU
		{51C97E8A-621E-4022-9A68-DF913E4AD9EE}.Debug|Any CPU.ActiveCfg = Debug|Any CPU
		{51C97E8A-621E-4022-9A68-DF913E4AD9EE}.Debug|Any CPU.Build.0 = Debug|Any CPU
		{51C97E8A-621E-4022-9A68-DF913E4AD9EE}.DVD-5|Any CPU.ActiveCfg = Debug|Any CPU
		{51C97E8A-621E-4022-9A68-DF913E4AD9EE}.DVD-5|Any CPU.Build.0 = Debug|Any CPU
		{51C97E8A-621E-4022-9A68-DF913E4AD9EE}.Release|Any CPU.ActiveCfg = Release|Any CPU
		{51C97E8A-621E-4022-9A68-DF913E4AD9EE}.Release|Any CPU.Build.0 = Release|Any CPU
		{51C97E8A-621E-4022-9A68-DF913E4AD9EE}.SingleImage|Any CPU.ActiveCfg = Release|Any CPU
		{51C97E8A-621E-4022-9A68-DF913E4AD9EE}.SingleImage|Any CPU.Build.0 = Release|Any CPU
		{FB16BBDF-C716-46D9-92DC-ACBC397EFAA2}.CD_ROM|Any CPU.ActiveCfg = CD_ROM
		{FB16BBDF-C716-46D9-92DC-ACBC397EFAA2}.CD_ROM|Any CPU.Build.0 = CD_ROM
		{FB16BBDF-C716-46D9-92DC-ACBC397EFAA2}.Debug|Any CPU.ActiveCfg = DVD-5
		{FB16BBDF-C716-46D9-92DC-ACBC397EFAA2}.Debug|Any CPU.Build.0 = DVD-5
		{FB16BBDF-C716-46D9-92DC-ACBC397EFAA2}.DVD-5|Any CPU.ActiveCfg = DVD-5
		{FB16BBDF-C716-46D9-92DC-ACBC397EFAA2}.DVD-5|Any CPU.Build.0 = DVD-5
		{FB16BBDF-C716-46D9-92DC-ACBC397EFAA2}.Release|Any CPU.ActiveCfg = SingleImage
		{FB16BBDF-C716-46D9-92DC-ACBC397EFAA2}.Release|Any CPU.Build.0 = SingleImage
		{FB16BBDF-C716-46D9-92DC-ACBC397EFAA2}.SingleImage|Any CPU.ActiveCfg = SingleImage
		{FB16BBDF-C716-46D9-92DC-ACBC397EFAA2}.SingleImage|Any CPU.Build.0 = SingleImage
	EndGlobalSection
	GlobalSection(SolutionProperties) = preSolution
		HideSolutionNode = FALSE
	EndGlobalSection
EndGlobal
